
Microsoft Visual Studio Solution File, Format Version 12.00
# Visual Studio 15
VisualStudioVersion = 15.0.27428.2043
MinimumVisualStudioVersion = 10.0.40219.1
Project("{FAE04EC0-301F-11D3-BF4B-00C04F79EFBC}") = "Matrix", "Matrix\Matrix.csproj", "{BAA605B9-E834-4EAE-AE42-BEAC1E7E1A7C}"
EndProject
Project("{FAE04EC0-301F-11D3-BF4B-00C04F79EFBC}") = "CheckApp", "CheckApp\CheckApp.csproj", "{5F72583D-CC79-4E03-B8B7-B4D7BE6B3B49}"
EndProject
Global
	GlobalSection(SolutionConfigurationPlatforms) = preSolution
		Debug|Any CPU = Debug|Any CPU
		Release|Any CPU = Release|Any CPU
	EndGlobalSection
	GlobalSection(ProjectConfigurationPlatforms) = postSolution
		{BAA605B9-E834-4EAE-AE42-BEAC1E7E1A7C}.Debug|Any CPU.ActiveCfg = Debug|Any CPU
		{BAA605B9-E834-4EAE-AE42-BEAC1E7E1A7C}.Debug|Any CPU.Build.0 = Debug|Any CPU
		{BAA605B9-E834-4EAE-AE42-BEAC1E7E1A7C}.Release|Any CPU.ActiveCfg = Release|Any CPU
		{BAA605B9-E834-4EAE-AE42-BEAC1E7E1A7C}.Release|Any CPU.Build.0 = Release|Any CPU
		{5F72583D-CC79-4E03-B8B7-B4D7BE6B3B49}.Debug|Any CPU.ActiveCfg = Debug|Any CPU
		{5F72583D-CC79-4E03-B8B7-B4D7BE6B3B49}.Debug|Any CPU.Build.0 = Debug|Any CPU
		{5F72583D-CC79-4E03-B8B7-B4D7BE6B3B49}.Release|Any CPU.ActiveCfg = Release|Any CPU
		{5F72583D-CC79-4E03-B8B7-B4D7BE6B3B49}.Release|Any CPU.Build.0 = Release|Any CPU
	EndGlobalSection
	GlobalSection(SolutionProperties) = preSolution
		HideSolutionNode = FALSE
	EndGlobalSection
	GlobalSection(ExtensibilityGlobals) = postSolution
		SolutionGuid = {5269CE03-C917-4FC6-912D-4EC311D3C2C3}
	EndGlobalSection
EndGlobal
